
Microsoft Visual Studio Solution File, Format Version 12.00
# Visual Studio Version 17
VisualStudioVersion = 17.5.33627.172
MinimumVisualStudioVersion = 10.0.40219.1
Project("{9A19103F-16F7-4668-BE54-9A1E7A4F7556}") = "labcorp.genomemanager.ui", "labcorp.genomemanager.ui\labcorp.genomemanager.ui.csproj", "{BCB70638-6740-4478-88CC-45E3329787BE}"
EndProject
Project("{FAE04EC0-301F-11D3-BF4B-00C04F79EFBC}") = "mnglabs.genomemanager.tests", "mnglabs.genomemanager.tests\mnglabs.genomemanager.tests.csproj", "{9EB90409-73A8-48F7-86F9-6E551C711E7C}"
EndProject
Global
	GlobalSection(SolutionConfigurationPlatforms) = preSolution
		Debug|Any CPU = Debug|Any CPU
		Release|Any CPU = Release|Any CPU
	EndGlobalSection
	GlobalSection(ProjectConfigurationPlatforms) = postSolution
		{BCB70638-6740-4478-88CC-45E3329787BE}.Debug|Any CPU.ActiveCfg = Debug|Any CPU
		{BCB70638-6740-4478-88CC-45E3329787BE}.Debug|Any CPU.Build.0 = Debug|Any CPU
		{BCB70638-6740-4478-88CC-45E3329787BE}.Release|Any CPU.ActiveCfg = Release|Any CPU
		{BCB70638-6740-4478-88CC-45E3329787BE}.Release|Any CPU.Build.0 = Release|Any CPU
		{9EB90409-73A8-48F7-86F9-6E551C711E7C}.Debug|Any CPU.ActiveCfg = Debug|Any CPU
		{9EB90409-73A8-48F7-86F9-6E551C711E7C}.Debug|Any CPU.Build.0 = Debug|Any CPU
		{9EB90409-73A8-48F7-86F9-6E551C711E7C}.Release|Any CPU.ActiveCfg = Release|Any CPU
		{9EB90409-73A8-48F7-86F9-6E551C711E7C}.Release|Any CPU.Build.0 = Release|Any CPU
	EndGlobalSection
	GlobalSection(SolutionProperties) = preSolution
		HideSolutionNode = FALSE
	EndGlobalSection
	GlobalSection(ExtensibilityGlobals) = postSolution
		SolutionGuid = {6269AECF-3BD5-43AF-8F53-842B0F4FBCDC}
	EndGlobalSection
EndGlobal
